<?xml version="1.0" encoding="utf-8"?>
<Project ToolsVersion="4.0" xmlns="http://schemas.microsoft.com/developer/msbuild/2003">
  <ItemGroup>
    <Filter Include="pthreads">
      <UniqueIdentifier>{55d59c22-6209-4dd1-8a8e-f4ed4a4bd646}</UniqueIdentifier>
    </Filter>
    <Filter Include="src">
      <UniqueIdentifier>{4FC737F1-C7A5-4376-A066-2A32D752A2FF}</UniqueIdentifier>
      <Extensions>cpp;c;cc;cxx;c++;cppm;ixx;def;odl;idl;hpj;bat;asm;asmx</Extensions>
    </Filter>
    <Filter Include="include">
      <UniqueIdentifier>{93995380-89BD-4b04-88EB-625FBE52EBFB}</UniqueIdentifier>
      <Extensions>h;hh;hpp;hxx;h++;hm;inl;inc;ipp;xsd</Extensions>
    </Filter>
    <Filter Include="lib">
      <UniqueIdentifier>{a53e0373-2fac-488e-9e8a-bad643293cca}</UniqueIdentifier>
    </Filter>
    <Filter Include="lib\Esp32_Helper">
      <UniqueIdentifier>{c1038cfa-3f80-410e-9d67-d503f2a73b1d}</UniqueIdentifier>
    </Filter>
    <Filter Include="framework-arduinoespressif32">
      <UniqueIdentifier>{e0d68cf9-e62e-4251-a24b-ca2814c4e8cd}</UniqueIdentifier>
    </Filter>
    <Filter Include="framework-arduinoespressif32\soc">
      <UniqueIdentifier>{ab4cc75a-4b4e-4289-bea4-7912f0790ae3}</UniqueIdentifier>
    </Filter>
    <Filter Include="framework-arduinoespressif32\driver">
      <UniqueIdentifier>{ba6f6e53-8251-4720-99a8-3a418690a617}</UniqueIdentifier>
    </Filter>
    <Filter Include="src\PathPlanning">
      <UniqueIdentifier>{dc741ba6-f199-4add-a968-6e92ed9234e1}</UniqueIdentifier>
    </Filter>
    <Filter Include="include\PathPlanning">
      <UniqueIdentifier>{b79fc372-6e73-4776-938b-cc4fcf0f6a52}</UniqueIdentifier>
    </Filter>
    <Filter Include="framework-arduinoespressif32\Dynamixel">
      <UniqueIdentifier>{3c2a36ca-f858-41f5-ac66-f09c58a3990a}</UniqueIdentifier>
    </Filter>
  </ItemGroup>
  <ItemGroup>
    <ClCompile Include="Esp32OmniSimulator.cpp" />
    <ClCompile Include="..\src\main.cpp">
      <Filter>src</Filter>
    </ClCompile>
    <ClCompile Include="..\lib\ESP32_Helper\src\Debugger.cpp">
      <Filter>lib\Esp32_Helper</Filter>
    </ClCompile>
    <ClCompile Include="..\lib\ESP32_Helper\src\ESP32_Helper.cpp">
      <Filter>lib\Esp32_Helper</Filter>
    </ClCompile>
    <ClCompile Include="..\lib\ESP32_Helper\src\Preferences_Helper.cpp">
      <Filter>lib\Esp32_Helper</Filter>
    </ClCompile>
    <ClCompile Include="..\lib\ESP32_Helper\src\Printer.cpp">
      <Filter>lib\Esp32_Helper</Filter>
    </ClCompile>
    <ClCompile Include="..\lib\ESP32_Helper\src\Wifi_Helper.cpp">
      <Filter>lib\Esp32_Helper</Filter>
    </ClCompile>
    <ClCompile Include="..\lib\ESP32_Helper\src\Wifi_No_Helper.cpp">
      <Filter>lib\Esp32_Helper</Filter>
    </ClCompile>
    <ClCompile Include="framework-arduinoespressif32\WString.cpp">
      <Filter>framework-arduinoespressif32</Filter>
    </ClCompile>
    <ClCompile Include="framework-arduinoespressif32\stdlib_noniso.c">
      <Filter>framework-arduinoespressif32</Filter>
    </ClCompile>
    <ClCompile Include="framework-arduinoespressif32\Preferences.cpp">
      <Filter>framework-arduinoespressif32</Filter>
    </ClCompile>
    <ClCompile Include="framework-arduinoespressif32\Arduino.cpp">
      <Filter>framework-arduinoespressif32</Filter>
    </ClCompile>
    <ClCompile Include="framework-arduinoespressif32\HardwareSerial.cpp">
      <Filter>framework-arduinoespressif32</Filter>
    </ClCompile>
    <ClCompile Include="..\src\GeoMathTools.cpp">
      <Filter>src</Filter>
    </ClCompile>
    <ClCompile Include="..\src\Motion.cpp">
      <Filter>src</Filter>
    </ClCompile>
    <ClCompile Include="..\src\Motor.cpp">
      <Filter>src</Filter>
    </ClCompile>
    <ClCompile Include="..\src\OTOS.cpp">
      <Filter>src</Filter>
    </ClCompile>
    <ClCompile Include="..\src\Trajectory.cpp">
      <Filter>src</Filter>
    </ClCompile>
    <ClCompile Include="..\src\PathPlanning\Mapping.cpp">
      <Filter>src\PathPlanning</Filter>
    </ClCompile>
    <ClCompile Include="..\src\PathPlanning\Obstacle.cpp">
      <Filter>src\PathPlanning</Filter>
    </ClCompile>
    <ClCompile Include="..\src\PathPlanning\PathFinding.cpp">
      <Filter>src\PathPlanning</Filter>
    </ClCompile>
    <ClCompile Include="framework-arduinoespressif32\Wire.cpp">
      <Filter>framework-arduinoespressif32</Filter>
    </ClCompile>
    <ClCompile Include="..\src\IHM.cpp">
      <Filter>src</Filter>
    </ClCompile>
    <ClCompile Include="..\src\PathPlanning\NodeItem.cpp">
      <Filter>src\PathPlanning</Filter>
    </ClCompile>
    <ClCompile Include="..\src\Lidar.cpp">
      <Filter>src</Filter>
    </ClCompile>
    <ClCompile Include="..\src\Match.cpp">
      <Filter>src</Filter>
    </ClCompile>
    <ClCompile Include="..\src\ServoAX12.cpp">
      <Filter>src</Filter>
    </ClCompile>
    <ClCompile Include="framework-arduinoespressif32\Dynamixel2Arduino.cpp">
      <Filter>framework-arduinoespressif32\Dynamixel</Filter>
    </ClCompile>
  </ItemGroup>
  <ItemGroup>
    <ClInclude Include="pthreads\include\pthread.h">
      <Filter>pthreads</Filter>
    </ClInclude>
    <ClInclude Include="pthreads\include\sched.h">
      <Filter>pthreads</Filter>
    </ClInclude>
    <ClInclude Include="pthreads\include\semaphore.h">
      <Filter>pthreads</Filter>
    </ClInclude>
    <ClInclude Include="pthreads\include\_ptw32.h">
      <Filter>pthreads</Filter>
    </ClInclude>
    <ClInclude Include="Esp32OmniSimulator.h" />
    <ClInclude Include="..\include\main.h">
      <Filter>include</Filter>
    </ClInclude>
    <ClInclude Include="..\lib\ESP32_Helper\include\Debugger.h">
      <Filter>lib\Esp32_Helper</Filter>
    </ClInclude>
    <ClInclude Include="..\lib\ESP32_Helper\include\ESP32_Helper.h">
      <Filter>lib\Esp32_Helper</Filter>
    </ClInclude>
    <ClInclude Include="..\lib\ESP32_Helper\include\ModuleTemplate.h">
      <Filter>lib\Esp32_Helper</Filter>
    </ClInclude>
    <ClInclude Include="..\lib\ESP32_Helper\include\Preferences_Helper.h">
      <Filter>lib\Esp32_Helper</Filter>
    </ClInclude>
    <ClInclude Include="..\lib\ESP32_Helper\include\Printer.h">
      <Filter>lib\Esp32_Helper</Filter>
    </ClInclude>
    <ClInclude Include="..\lib\ESP32_Helper\include\Wifi_Helper.h">
      <Filter>lib\Esp32_Helper</Filter>
    </ClInclude>
    <ClInclude Include="..\lib\ESP32_Helper\include\Wifi_No_Helper.h">
      <Filter>lib\Esp32_Helper</Filter>
    </ClInclude>
    <ClInclude Include="framework-arduinoespressif32\WString.h">
      <Filter>framework-arduinoespressif32</Filter>
    </ClInclude>
    <ClInclude Include="framework-arduinoespressif32\stdlib_noniso.h">
      <Filter>framework-arduinoespressif32</Filter>
    </ClInclude>
    <ClInclude Include="framework-arduinoespressif32\esp_idf_version.h">
      <Filter>framework-arduinoespressif32</Filter>
    </ClInclude>
    <ClInclude Include="framework-arduinoespressif32\esp_err.h">
      <Filter>framework-arduinoespressif32</Filter>
    </ClInclude>
    <ClInclude Include="..\lib\ESP32_Helper\include\QueueThread.h">
      <Filter>lib\Esp32_Helper</Filter>
    </ClInclude>
    <ClInclude Include="..\lib\ESP32_Helper\include\TaskThread.h">
      <Filter>lib\Esp32_Helper</Filter>
    </ClInclude>
    <ClInclude Include="framework-arduinoespressif32\Preferences.h">
      <Filter>framework-arduinoespressif32</Filter>
    </ClInclude>
    <ClInclude Include="..\lib\ESP32_Helper\include\Structure_Helper.h">
      <Filter>lib\Esp32_Helper</Filter>
    </ClInclude>
    <ClInclude Include="framework-arduinoespressif32\Arduino.h">
      <Filter>framework-arduinoespressif32</Filter>
    </ClInclude>
    <ClInclude Include="framework-arduinoespressif32\HardwareSerial.h">
      <Filter>framework-arduinoespressif32</Filter>
    </ClInclude>
    <ClInclude Include="framework-arduinoespressif32\esp_arduino_version.h">
      <Filter>framework-arduinoespressif32</Filter>
    </ClInclude>
    <ClInclude Include="framework-arduinoespressif32\pins_arduino.h">
      <Filter>framework-arduinoespressif32</Filter>
    </ClInclude>
    <ClInclude Include="framework-arduinoespressif32\cpu_caps.h">
      <Filter>framework-arduinoespressif32\soc</Filter>
    </ClInclude>
    <ClInclude Include="framework-arduinoespressif32\i2c_caps.h">
      <Filter>framework-arduinoespressif32\soc</Filter>
    </ClInclude>
    <ClInclude Include="framework-arduinoespressif32\ledc_caps.h">
      <Filter>framework-arduinoespressif32\soc</Filter>
    </ClInclude>
    <ClInclude Include="framework-arduinoespressif32\mpu_caps.h">
      <Filter>framework-arduinoespressif32\soc</Filter>
    </ClInclude>
    <ClInclude Include="framework-arduinoespressif32\pcnt_caps.h">
      <Filter>framework-arduinoespressif32\soc</Filter>
    </ClInclude>
    <ClInclude Include="framework-arduinoespressif32\soc_caps.h">
      <Filter>framework-arduinoespressif32\soc</Filter>
    </ClInclude>
    <ClInclude Include="framework-arduinoespressif32\twai_caps.h">
      <Filter>framework-arduinoespressif32\soc</Filter>
    </ClInclude>
    <ClInclude Include="framework-arduinoespressif32\usb_caps.h">
      <Filter>framework-arduinoespressif32\soc</Filter>
    </ClInclude>
    <ClInclude Include="framework-arduinoespressif32\brownout_caps.h">
      <Filter>framework-arduinoespressif32\soc</Filter>
    </ClInclude>
    <ClInclude Include="framework-arduinoespressif32\sigmadelta_caps.h">
      <Filter>framework-arduinoespressif32\soc</Filter>
    </ClInclude>
    <ClInclude Include="framework-arduinoespressif32\Wire.h">
      <Filter>framework-arduinoespressif32</Filter>
    </ClInclude>
    <ClInclude Include="framework-arduinoespressif32\SparkFun Qwiic OTOS Arduino Library\SparkFun_Qwiic_OTOS_Arduino_Library.h">
      <Filter>framework-arduinoespressif32</Filter>
    </ClInclude>
    <ClInclude Include="framework-arduinoespressif32\sfDevOTOS.h">
      <Filter>framework-arduinoespressif32</Filter>
    </ClInclude>
    <ClInclude Include="framework-arduinoespressif32\ESP32_FastPWM.h">
      <Filter>framework-arduinoespressif32</Filter>
    </ClInclude>
    <ClInclude Include="framework-arduinoespressif32\PWM_Generic_Debug.h">
      <Filter>framework-arduinoespressif32</Filter>
    </ClInclude>
    <ClInclude Include="framework-arduinoespressif32\driver\ledc.h">
      <Filter>framework-arduinoespressif32\driver</Filter>
    </ClInclude>
    <ClInclude Include="framework-arduinoespressif32\driver\ledc_types.h">
      <Filter>framework-arduinoespressif32\driver</Filter>
    </ClInclude>
    <ClInclude Include="framework-arduinoespressif32\driver\esp32-hal-ledc.h">
      <Filter>framework-arduinoespressif32\driver</Filter>
    </ClInclude>
    <ClInclude Include="..\include\GeoMathTools.h">
      <Filter>include</Filter>
    </ClInclude>
    <ClInclude Include="..\include\Motion.h">
      <Filter>include</Filter>
    </ClInclude>
    <ClInclude Include="..\include\Motor.h">
      <Filter>include</Filter>
    </ClInclude>
    <ClInclude Include="..\include\OTOS.h">
      <Filter>include</Filter>
    </ClInclude>
    <ClInclude Include="..\include\pins.h">
      <Filter>include</Filter>
    </ClInclude>
    <ClInclude Include="..\include\Structure.h">
      <Filter>include</Filter>
    </ClInclude>
    <ClInclude Include="..\include\Trajectory.h">
      <Filter>include</Filter>
    </ClInclude>
    <ClInclude Include="..\include\PathPlanning\Mapping.h">
      <Filter>include\PathPlanning</Filter>
    </ClInclude>
    <ClInclude Include="..\include\PathPlanning\Obstacle.h">
      <Filter>include\PathPlanning</Filter>
    </ClInclude>
    <ClInclude Include="..\include\PathPlanning\PathFinding.h">
      <Filter>include\PathPlanning</Filter>
    </ClInclude>
    <ClInclude Include="..\include\PathPlanning\NodeItem.h">
      <Filter>include\PathPlanning</Filter>
    </ClInclude>
    <ClInclude Include="..\include\IHM.h">
      <Filter>include</Filter>
    </ClInclude>
    <ClInclude Include="..\include\Lidar.h">
      <Filter>include</Filter>
    </ClInclude>
    <ClInclude Include="..\include\Match.h">
      <Filter>include</Filter>
    </ClInclude>
    <ClInclude Include="..\include\ServoAX12.h">
      <Filter>include</Filter>
    </ClInclude>
    <ClInclude Include="..\include\Timer.h">
      <Filter>include</Filter>
    </ClInclude>
    <ClInclude Include="framework-arduinoespressif32\actuator.h">
      <Filter>framework-arduinoespressif32</Filter>
    </ClInclude>
    <ClInclude Include="framework-arduinoespressif32\config.h">
      <Filter>framework-arduinoespressif32\Dynamixel</Filter>
    </ClInclude>
    <ClInclude Include="framework-arduinoespressif32\Dynamixel2Arduino.h">
      <Filter>framework-arduinoespressif32\Dynamixel</Filter>
    </ClInclude>
  </ItemGroup>
  <ItemGroup>
    <CopyFileToFolders Include="pthreads\dll\pthreadVC3.dll">
      <Filter>pthreads</Filter>
    </CopyFileToFolders>
  </ItemGroup>
</Project>